{
  "name": "sink",
  "version": "0.0.1",
  "lockfileVersion": 3,
  "requires": true,
  "packages": {
    "": {
      "name": "sink",
      "version": "0.0.1",
      "license": "MIT",
      "dependencies": {
        "@bufbuild/connect-web": "^0.13.0",
        "@connectrpc/connect-node": "^1.1.2",
        "@substreams/core": "^0.2.0",
        "@substreams/manifest": "^0.1.0",
        "@types/node": "^18.17",
        "dotenv": "^16.3.1",
        "typescript": "^5.2.2"
      }
    },
    "node_modules/@bufbuild/buf": {
      "version": "1.27.1",
      "resolved": "https://registry.npmjs.org/@bufbuild/buf/-/buf-1.27.1.tgz",
      "integrity": "sha512-PtMIFojz77V5BYmC4OR+y6IqsI3jc1b2qysPJ7vaR1jx5K94C9prGvtWEJeEI06xaffVD97VsTt0VR6gTNk+HA==",
      "hasInstallScript": true,
      "peer": true,
      "bin": {
        "buf": "bin/buf",
        "protoc-gen-buf-breaking": "bin/protoc-gen-buf-breaking",
        "protoc-gen-buf-lint": "bin/protoc-gen-buf-lint"
      },
      "engines": {
        "node": ">=12"
      },
      "optionalDependencies": {
        "@bufbuild/buf-darwin-arm64": "1.27.1",
        "@bufbuild/buf-darwin-x64": "1.27.1",
        "@bufbuild/buf-linux-aarch64": "1.27.1",
        "@bufbuild/buf-linux-x64": "1.27.1",
        "@bufbuild/buf-win32-arm64": "1.27.1",
        "@bufbuild/buf-win32-x64": "1.27.1"
      }
    },
    "node_modules/@bufbuild/buf-darwin-arm64": {
      "version": "1.27.1",
      "resolved": "https://registry.npmjs.org/@bufbuild/buf-darwin-arm64/-/buf-darwin-arm64-1.27.1.tgz",
      "integrity": "sha512-TpaRqvhcR0AgwoG93L3jv8oZtV0YHZx8j2Oj/CqHwqK910VZ2hF6JBy9FSIYqrzOj4JbHnBb6CENlDHUR5WJPw==",
      "cpu": [
        "arm64"
      ],
      "optional": true,
      "os": [
        "darwin"
      ],
      "peer": true,
      "engines": {
        "node": ">=12"
      }
    },
    "node_modules/@bufbuild/buf-darwin-x64": {
      "version": "1.27.1",
      "resolved": "https://registry.npmjs.org/@bufbuild/buf-darwin-x64/-/buf-darwin-x64-1.27.1.tgz",
      "integrity": "sha512-aQAVHm53B2PlzMO4sAlXspsGvCl0IGGSG9xRdDa2uEvvvYlSwZeYCJZSy9l5T1W35rz1AN6Y/u9sV+ylHcmi2A==",
      "cpu": [
        "x64"
      ],
      "optional": true,
      "os": [
        "darwin"
      ],
      "peer": true,
      "engines": {
        "node": ">=12"
      }
    },
    "node_modules/@bufbuild/buf-linux-aarch64": {
      "version": "1.27.1",
      "resolved": "https://registry.npmjs.org/@bufbuild/buf-linux-aarch64/-/buf-linux-aarch64-1.27.1.tgz",
      "integrity": "sha512-p4hX0VasF8Yd4+yAkiV5uUTaleEMWdnzDFWmBxwSjpORAXqp/By1JPH8flr2tPRGN+uIGbtXl3T2sOEsqS2gfA==",
      "cpu": [
        "arm64"
      ],
      "optional": true,
      "os": [
        "linux"
      ],
      "peer": true,
      "engines": {
        "node": ">=12"
      }
    },
    "node_modules/@bufbuild/buf-linux-x64": {
      "version": "1.27.1",
      "resolved": "https://registry.npmjs.org/@bufbuild/buf-linux-x64/-/buf-linux-x64-1.27.1.tgz",
      "integrity": "sha512-NizPSsd/Q9pfOnR9yEDKIwyYCpG1uRWixJSdraAuO6NfyiPwjZ8+F0shIWfLNptANqM7GPBC7HNc5wX380OHCA==",
      "cpu": [
        "x64"
      ],
      "optional": true,
      "os": [
        "linux"
      ],
      "peer": true,
      "engines": {
        "node": ">=12"
      }
    },
    "node_modules/@bufbuild/buf-win32-arm64": {
      "version": "1.27.1",
      "resolved": "https://registry.npmjs.org/@bufbuild/buf-win32-arm64/-/buf-win32-arm64-1.27.1.tgz",
      "integrity": "sha512-WoH2cF8cQ7e2qeeoQDuvmfzW13n3blo0LdX59BFU+zUehKYBfEy7fcmuF8NmAOKhgzOXCh7mimukXpRE7kfyYw==",
      "cpu": [
        "arm64"
      ],
      "optional": true,
      "os": [
        "win32"
      ],
      "peer": true,
      "engines": {
        "node": ">=12"
      }
    },
    "node_modules/@bufbuild/buf-win32-x64": {
      "version": "1.27.1",
      "resolved": "https://registry.npmjs.org/@bufbuild/buf-win32-x64/-/buf-win32-x64-1.27.1.tgz",
      "integrity": "sha512-x3x7l+hfT71sf8bwxKME7NXPBNT+R8gObFpcEaTk6xTGPfOlbX8Y4M9C4kX2cH0oSFgkafIe+TUReCYrP3cGvA==",
      "cpu": [
        "x64"
      ],
      "optional": true,
      "os": [
        "win32"
      ],
      "peer": true,
      "engines": {
        "node": ">=12"
      }
    },
    "node_modules/@bufbuild/connect": {
      "version": "0.13.0",
      "resolved": "https://registry.npmjs.org/@bufbuild/connect/-/connect-0.13.0.tgz",
      "integrity": "sha512-eZSMbVLyUFtXiZNORgCEvv580xKZeYQdMOWj2i/nxOcpXQcrEzTMTA7SZzWv4k4gveWCOSRoWmYDeOhfWXJv0g==",
      "deprecated": "Connect has moved to its own org @connectrpc and has a stable v1. Run `npx @connectrpc/connect-migrate@latest` to update. See https://github.com/connectrpc/connect-es/releases/tag/v0.13.1 for details.",
      "peerDependencies": {
        "@bufbuild/protobuf": "^1.2.1"
      }
    },
    "node_modules/@bufbuild/connect-web": {
      "version": "0.13.0",
      "resolved": "https://registry.npmjs.org/@bufbuild/connect-web/-/connect-web-0.13.0.tgz",
      "integrity": "sha512-Ys9VFDWYktD9yFQSLOlkpsD42LonDNMCysLCfjXFuxlupYuf4f7qg0zkT5bESyTfqk4xtRDSSGR3xygaj/ONIQ==",
      "deprecated": "Connect has moved to its own org @connectrpc and has a stable v1. Run `npx @connectrpc/connect-migrate@latest` to update. See https://github.com/connectrpc/connect-es/releases/tag/v0.13.1 for details.",
      "dependencies": {
        "@bufbuild/connect": "0.13.0"
      },
      "peerDependencies": {
        "@bufbuild/protobuf": "^1.2.1"
      }
    },
    "node_modules/@bufbuild/protobuf": {
      "version": "1.3.3",
      "resolved": "https://registry.npmjs.org/@bufbuild/protobuf/-/protobuf-1.3.3.tgz",
      "integrity": "sha512-AoHSiIpTFF97SQgmQni4c+Tyr0CDhkaRaR2qGEJTEbauqQwLRpLrd9yVv//wVHOSxr/b4FJcL54VchhY6710xA==",
      "peer": true
    },
    "node_modules/@connectrpc/connect": {
      "version": "1.1.2",
      "resolved": "https://registry.npmjs.org/@connectrpc/connect/-/connect-1.1.2.tgz",
      "integrity": "sha512-oDuKJFRORtzyH4IhZyNgIQ5DKjlDnbP72AH55Aabpc0fwApyus/h4cmYU1KDvahVbqsvUOpd5qUTyMH8IhMmLA==",
      "peerDependencies": {
        "@bufbuild/protobuf": "^1.3.3"
      }
    },
    "node_modules/@connectrpc/connect-node": {
      "version": "1.1.2",
      "resolved": "https://registry.npmjs.org/@connectrpc/connect-node/-/connect-node-1.1.2.tgz",
      "integrity": "sha512-IAwQhh05Qm/T/+ZShEnQz+FFZsr2fbq/DCHhXbmwYjePxvo+kF9YIDkTpVy+vjrV+CwZPBfgOdSaRSJLHUykdg==",
      "dependencies": {
        "undici": "^5.25.4"
      },
      "engines": {
        "node": ">=16.0.0"
      },
      "peerDependencies": {
        "@bufbuild/protobuf": "^1.3.3",
        "@connectrpc/connect": "1.1.2"
      }
    },
    "node_modules/@effect/schema": {
      "version": "0.39.2",
      "resolved": "https://registry.npmjs.org/@effect/schema/-/schema-0.39.2.tgz",
      "integrity": "sha512-UolykyRtrg+JHflZBfHK2p+w8IgP8u6kSkTq9VIggure12/2CFvlib9vphw4fJCN8cRd3gZo4LevU4FfS+ZLxw==",
      "peer": true,
      "dependencies": {
        "fast-check": "^3.12.0"
      },
      "peerDependencies": {
        "effect": "^2.0.0-next.39"
      }
    },
    "node_modules/@fastify/busboy": {
      "version": "2.0.0",
      "resolved": "https://registry.npmjs.org/@fastify/busboy/-/busboy-2.0.0.tgz",
      "integrity": "sha512-JUFJad5lv7jxj926GPgymrWQxxjPYuJNiNjNMzqT+HiuP6Vl3dk5xzG+8sTX96np0ZAluvaMzPsjhHZ5rNuNQQ==",
      "engines": {
        "node": ">=14"
      }
    },
    "node_modules/@substreams/core": {
      "version": "0.2.0",
      "resolved": "https://registry.npmjs.org/@substreams/core/-/core-0.2.0.tgz",
      "integrity": "sha512-Red9Nn7AjKFFOO8wwLPI4tFL2C56tvcfP7pBU76xqffzAzN6BnMyx+iQsAwmOUUKXG5qCKfGZ7NDrWhVcjVl0w==",
      "dependencies": {
        "@connectrpc/connect": "^1.0.0"
      },
      "peerDependencies": {
        "@bufbuild/protobuf": "^1.3.1"
      }
    },
    "node_modules/@substreams/manifest": {
      "version": "0.1.0",
      "resolved": "https://registry.npmjs.org/@substreams/manifest/-/manifest-0.1.0.tgz",
      "integrity": "sha512-ZRe/uqXjD0sQaFchSdlrzojuDpaD9E0QLbYWcnsRpdA87yCMnk3tNiWsIdupLudD0uFWh48R5LT2Z/yHwWwXpw==",
      "dependencies": {
        "@substreams/core": "0.2.0"
      },
      "peerDependencies": {
        "@bufbuild/buf": "^1.26.1",
        "@bufbuild/protobuf": "^1.3.1",
        "@effect/schema": "^0.39.0",
        "yaml": "^2.3.2"
      }
    },
    "node_modules/@types/node": {
      "version": "18.18.6",
      "resolved": "https://registry.npmjs.org/@types/node/-/node-18.18.6.tgz",
      "integrity": "sha512-wf3Vz+jCmOQ2HV1YUJuCWdL64adYxumkrxtc+H1VUQlnQI04+5HtH+qZCOE21lBE7gIrt+CwX2Wv8Acrw5Ak6w=="
    },
    "node_modules/dotenv": {
      "version": "16.3.1",
      "resolved": "https://registry.npmjs.org/dotenv/-/dotenv-16.3.1.tgz",
      "integrity": "sha512-IPzF4w4/Rd94bA9imS68tZBaYyBWSCE47V1RGuMrB94iyTOIEwRmVL2x/4An+6mETpLrKJ5hQkB8W4kFAadeIQ==",
      "engines": {
        "node": ">=12"
      },
      "funding": {
        "url": "https://github.com/motdotla/dotenv?sponsor=1"
      }
    },
    "node_modules/effect": {
      "version": "2.0.0-next.49",
      "resolved": "https://registry.npmjs.org/effect/-/effect-2.0.0-next.49.tgz",
      "integrity": "sha512-FiOQ2Khm2REPQOkxkRPyTVyfPCUNecDopz1ZOKzZrZyCAzDqWiFYvdPwX/nYQrXY77/DBGcaLEsQ4/1BpG1bAg==",
      "peer": true
    },
    "node_modules/fast-check": {
      "version": "3.13.1",
      "resolved": "https://registry.npmjs.org/fast-check/-/fast-check-3.13.1.tgz",
      "integrity": "sha512-Xp00tFuWd83i8rbG/4wU54qU+yINjQha7bXH2N4ARNTkyOimzHtUBJ5+htpdXk7RMaCOD/j2jxSjEt9u9ZPNeQ==",
      "funding": [
        {
          "type": "individual",
          "url": "https://github.com/sponsors/dubzzz"
        },
        {
          "type": "opencollective",
          "url": "https://opencollective.com/fast-check"
        }
      ],
      "peer": true,
      "dependencies": {
        "pure-rand": "^6.0.0"
      },
      "engines": {
        "node": ">=8.0.0"
      }
    },
    "node_modules/pure-rand": {
      "version": "6.0.4",
      "resolved": "https://registry.npmjs.org/pure-rand/-/pure-rand-6.0.4.tgz",
      "integrity": "sha512-LA0Y9kxMYv47GIPJy6MI84fqTd2HmYZI83W/kM/SkKfDlajnZYfmXFTxkbY+xSBPkLJxltMa9hIkmdc29eguMA==",
      "funding": [
        {
          "type": "individual",
          "url": "https://github.com/sponsors/dubzzz"
        },
        {
          "type": "opencollective",
          "url": "https://opencollective.com/fast-check"
        }
      ],
      "peer": true
    },
    "node_modules/typescript": {
      "version": "5.2.2",
      "resolved": "https://registry.npmjs.org/typescript/-/typescript-5.2.2.tgz",
      "integrity": "sha512-mI4WrpHsbCIcwT9cF4FZvr80QUeKvsUsUvKDoR+X/7XHQH98xYD8YHZg7ANtz2GtZt/CBq2QJ0thkGJMHfqc1w==",
      "bin": {
        "tsc": "bin/tsc",
        "tsserver": "bin/tsserver"
      },
      "engines": {
        "node": ">=14.17"
      }
    },
    "node_modules/undici": {
      "version": "5.26.3",
      "resolved": "https://registry.npmjs.org/undici/-/undici-5.26.3.tgz",
      "integrity": "sha512-H7n2zmKEWgOllKkIUkLvFmsJQj062lSm3uA4EYApG8gLuiOM0/go9bIoC3HVaSnfg4xunowDE2i9p8drkXuvDw==",
      "dependencies": {
        "@fastify/busboy": "^2.0.0"
      },
      "engines": {
        "node": ">=14.0"
      }
    },
    "node_modules/yaml": {
      "version": "2.3.3",
      "resolved": "https://registry.npmjs.org/yaml/-/yaml-2.3.3.tgz",
      "integrity": "sha512-zw0VAJxgeZ6+++/su5AFoqBbZbrEakwu+X0M5HmcwUiBL7AzcuPKjj5we4xfQLp78LkEMpD0cOnUhmgOVy3KdQ==",
      "peer": true,
      "engines": {
        "node": ">= 14"
      }
    }
  }
}
